Microsoft Visual Studio Solution File, Format Version 12.00
# Visual Studio 14
VisualStudioVersion = 14.0.23107.0
MinimumVisualStudioVersion = 10.0.40219.1
Project("{8BC9CEB8-8B4A-11D0-8D11-00A0C91BC942}") = "Server", "src\server\Server.vcxproj", "{72D4DCD1-297A-3115-888C-CEBCBC43344D}"
	ProjectSection(ProjectDependencies) = postProject
		{2349531A-52C1-3393-8514-F0D36398E5A0} = {2349531A-52C1-3393-8514-F0D36398E5A0}
	EndProjectSection
EndProject
Project("{8BC9CEB8-8B4A-11D0-8D11-00A0C91BC942}") = "Client", "src\client\Client.vcxproj", "{53C57918-D234-362C-A027-6D2D7B4A72BC}"
	ProjectSection(ProjectDependencies) = postProject
		{2349531A-52C1-3393-8514-F0D36398E5A0} = {2349531A-52C1-3393-8514-F0D36398E5A0}
	EndProjectSection
EndProject
Project("{8BC9CEB8-8B4A-11D0-8D11-00A0C91BC942}") = "Tests", "src\tests\Tests.vcxproj", "{A765D71F-0B04-32A9-AB96-CB14842B9F30}"
	ProjectSection(ProjectDependencies) = postProject
		{72D4DCD1-297A-3115-888C-CEBCBC43344D} = {72D4DCD1-297A-3115-888C-CEBCBC43344D}
		{53C57918-D234-362C-A027-6D2D7B4A72BC} = {53C57918-D234-362C-A027-6D2D7B4A72BC}
		{2349531A-52C1-3393-8514-F0D36398E5A0} = {2349531A-52C1-3393-8514-F0D36398E5A0}
	EndProjectSection
EndProject
Project("{8BC9CEB8-8B4A-11D0-8D11-00A0C91BC942}") = "Common", "src\common\Common.vcxproj", "{2349531A-52C1-3393-8514-F0D36398E5A0}"
EndProject
Global
	GlobalSection(SolutionConfigurationPlatforms) = preSolution
		Debug|Win32 = Debug|Win32
		Release|Win32 = Release|Win32
	EndGlobalSection
	GlobalSection(ProjectConfigurationPlatforms) = postSolution
		{72D4DCD1-297A-3115-888C-CEBCBC43344D}.Debug|Win32.ActiveCfg = Debug|Win32
		{72D4DCD1-297A-3115-888C-CEBCBC43344D}.Debug|Win32.Build.0 = Debug|Win32
		{72D4DCD1-297A-3115-888C-CEBCBC43344D}.Release|Win32.ActiveCfg = Release|Win32
		{72D4DCD1-297A-3115-888C-CEBCBC43344D}.Release|Win32.Build.0 = Release|Win32
		{53C57918-D234-362C-A027-6D2D7B4A72BC}.Debug|Win32.ActiveCfg = Debug|Win32
		{53C57918-D234-362C-A027-6D2D7B4A72BC}.Debug|Win32.Build.0 = Debug|Win32
		{53C57918-D234-362C-A027-6D2D7B4A72BC}.Release|Win32.ActiveCfg = Release|Win32
		{53C57918-D234-362C-A027-6D2D7B4A72BC}.Release|Win32.Build.0 = Release|Win32
		{A765D71F-0B04-32A9-AB96-CB14842B9F30}.Debug|Win32.ActiveCfg = Debug|Win32
		{A765D71F-0B04-32A9-AB96-CB14842B9F30}.Debug|Win32.Build.0 = Debug|Win32
		{A765D71F-0B04-32A9-AB96-CB14842B9F30}.Release|Win32.ActiveCfg = Release|Win32
		{A765D71F-0B04-32A9-AB96-CB14842B9F30}.Release|Win32.Build.0 = Release|Win32
		{2349531A-52C1-3393-8514-F0D36398E5A0}.Debug|Win32.ActiveCfg = Debug|Win32
		{2349531A-52C1-3393-8514-F0D36398E5A0}.Debug|Win32.Build.0 = Debug|Win32
		{2349531A-52C1-3393-8514-F0D36398E5A0}.Release|Win32.ActiveCfg = Release|Win32
		{2349531A-52C1-3393-8514-F0D36398E5A0}.Release|Win32.Build.0 = Release|Win32
	EndGlobalSection
	GlobalSection(SolutionProperties) = preSolution
		HideSolutionNode = FALSE
	EndGlobalSection
	GlobalSection(ExtensibilityGlobals) = postSolution
		Qt5Version = 5.5
	EndGlobalSection
EndGlobal
